<Solution>
  <Folder Name="/eng/">
    <File Path="eng/AppEntryPoint.targets" />
    <File Path="eng/build.sh" />
    <File Path="eng/index.template.html" />
    <File Path="eng/IndexHtmlGeneration.targets" />
    <File Path="eng/PatchCoreLib.targets" />
    <Project Path="eng/BuildTools/BuildTools.csproj" />
  </Folder>
  <Folder Name="/src/">
    <File Path="src/Directory.Build.props" />
    <File Path="src/Directory.Build.targets" />
    <Project Path="src/App/App.csproj" />
    <Project Path="src/Compiler/Compiler.csproj" />
    <Project Path="src/RazorAccess/RazorAccess.csproj" />
    <Project Path="src/RoslynAccess/RoslynAccess.csproj" />
    <Project Path="src/RoslynCodeStyleAccess/RoslynCodeStyleAccess.csproj" />
    <Project Path="src/RoslynWorkspaceAccess/RoslynWorkspaceAccess.csproj" />
    <Project Path="src/Server/Server.csproj" />
    <Project Path="src/Shared/Shared.csproj" />
    <Project Path="src/WebAssembly/WebAssembly.csproj" />
    <Project Path="src/Worker/Worker.csproj" />
    <Project Path="src/WorkerApi/WorkerApi.csproj" />
    <Project Path="src/WorkerWebAssembly/WorkerWebAssembly.csproj" />
  </Folder>
  <Folder Name="/test/">
    <Project Path="test/AppTests/AppTests.csproj" />
    <Project Path="test/UnitTests/UnitTests.csproj" />
  </Folder>
  <Folder Name="/_/">
    <File Path=".editorconfig" />
    <File Path=".gitignore" />
    <File Path=".globalconfig" />
    <File Path="Directory.Build.props" />
    <File Path="Directory.Build.targets" />
    <File Path="Directory.Packages.props" />
    <File Path="global.json" />
    <File Path="nuget.config" />
    <File Path="README.md" />
  </Folder>
</Solution>
